// !$*UTF8*$!
{
	archiveVersion = 1;
	classes = {
	};
	objectVersion = 46;
	objects = {

/* Begin PBXBuildFile section */
		E8009DE0196DFD8F00F66F65 /* AppDelegate.swift in Sources */ = {isa = PBXBuildFile; fileRef = E8009DDF196DFD8F00F66F65 /* AppDelegate.swift */; };
		E8009DE2196DFD8F00F66F65 /* GameScene.sks in Resources */ = {isa = PBXBuildFile; fileRef = E8009DE1196DFD8F00F66F65 /* GameScene.sks */; };
		E8009DE4196DFD8F00F66F65 /* GameScene.swift in Sources */ = {isa = PBXBuildFile; fileRef = E8009DE3196DFD8F00F66F65 /* GameScene.swift */; };
		E8009DE6196DFD8F00F66F65 /* GameViewController.swift in Sources */ = {isa = PBXBuildFile; fileRef = E8009DE5196DFD8F00F66F65 /* GameViewController.swift */; };
		E8009DE9196DFD8F00F66F65 /* Main.storyboard in Resources */ = {isa = PBXBuildFile; fileRef = E8009DE7196DFD8F00F66F65 /* Main.storyboard */; };
		E8009DEB196DFD8F00F66F65 /* Images.xcassets in Resources */ = {isa = PBXBuildFile; fileRef = E8009DEA196DFD8F00F66F65 /* Images.xcassets */; };
		E8009DF7196DFD8F00F66F65 /* CookieCrushSagaTests.swift in Sources */ = {isa = PBXBuildFile; fileRef = E8009DF6196DFD8F00F66F65 /* CookieCrushSagaTests.swift */; };
		E8009E15196DFE5C00F66F65 /* Grid.atlas in Resources */ = {isa = PBXBuildFile; fileRef = E8009E01196DFE5C00F66F65 /* Grid.atlas */; };
		E8009E16196DFE5C00F66F65 /* Background@2x.png in Resources */ = {isa = PBXBuildFile; fileRef = E8009E03196DFE5C00F66F65 /* Background@2x.png */; };
		E8009E17196DFE5C00F66F65 /* Button@2x.png in Resources */ = {isa = PBXBuildFile; fileRef = E8009E04196DFE5C00F66F65 /* Button@2x.png */; };
		E8009E18196DFE5C00F66F65 /* GameOver@2x.png in Resources */ = {isa = PBXBuildFile; fileRef = E8009E05196DFE5C00F66F65 /* GameOver@2x.png */; };
		E8009E19196DFE5C00F66F65 /* LevelComplete@2x.png in Resources */ = {isa = PBXBuildFile; fileRef = E8009E06196DFE5C00F66F65 /* LevelComplete@2x.png */; };
		E8009E1A196DFE5C00F66F65 /* Level_0.json in Resources */ = {isa = PBXBuildFile; fileRef = E8009E08196DFE5C00F66F65 /* Level_0.json */; };
		E8009E1B196DFE5C00F66F65 /* Level_1.json in Resources */ = {isa = PBXBuildFile; fileRef = E8009E09196DFE5C00F66F65 /* Level_1.json */; };
		E8009E1C196DFE5C00F66F65 /* Level_2.json in Resources */ = {isa = PBXBuildFile; fileRef = E8009E0A196DFE5C00F66F65 /* Level_2.json */; };
		E8009E1D196DFE5C00F66F65 /* Level_3.json in Resources */ = {isa = PBXBuildFile; fileRef = E8009E0B196DFE5C00F66F65 /* Level_3.json */; };
		E8009E1E196DFE5C00F66F65 /* Level_4.json in Resources */ = {isa = PBXBuildFile; fileRef = E8009E0C196DFE5C00F66F65 /* Level_4.json */; };
		E8009E1F196DFE5C00F66F65 /* Chomp.wav in Resources */ = {isa = PBXBuildFile; fileRef = E8009E0E196DFE5C00F66F65 /* Chomp.wav */; };
		E8009E20196DFE5C00F66F65 /* Drip.wav in Resources */ = {isa = PBXBuildFile; fileRef = E8009E0F196DFE5C00F66F65 /* Drip.wav */; };
		E8009E21196DFE5C00F66F65 /* Error.wav in Resources */ = {isa = PBXBuildFile; fileRef = E8009E10196DFE5C00F66F65 /* Error.wav */; };
		E8009E22196DFE5C00F66F65 /* Ka-Ching.wav in Resources */ = {isa = PBXBuildFile; fileRef = E8009E11196DFE5C00F66F65 /* Ka-Ching.wav */; };
		E8009E23196DFE5C00F66F65 /* Mining by Moonlight.mp3 in Resources */ = {isa = PBXBuildFile; fileRef = E8009E12196DFE5C00F66F65 /* Mining by Moonlight.mp3 */; };
		E8009E24196DFE5C00F66F65 /* Scrape.wav in Resources */ = {isa = PBXBuildFile; fileRef = E8009E13196DFE5C00F66F65 /* Scrape.wav */; };
		E8009E25196DFE5C00F66F65 /* Sprites.atlas in Resources */ = {isa = PBXBuildFile; fileRef = E8009E14196DFE5C00F66F65 /* Sprites.atlas */; };
		E8009E27196DFF2E00F66F65 /* Cookie.swift in Sources */ = {isa = PBXBuildFile; fileRef = E8009E26196DFF2E00F66F65 /* Cookie.swift */; };
		E8009E29196E01D300F66F65 /* Array2D.swift in Sources */ = {isa = PBXBuildFile; fileRef = E8009E28196E01D300F66F65 /* Array2D.swift */; };
		E8009E2B196E020400F66F65 /* Set.swift in Sources */ = {isa = PBXBuildFile; fileRef = E8009E2A196E020400F66F65 /* Set.swift */; };
		E8009E2D196E023E00F66F65 /* Level.swift in Sources */ = {isa = PBXBuildFile; fileRef = E8009E2C196E023E00F66F65 /* Level.swift */; };
/* End PBXBuildFile section */

/* Begin PBXContainerItemProxy section */
		E8009DF1196DFD8F00F66F65 /* PBXContainerItemProxy */ = {
			isa = PBXContainerItemProxy;
			containerPortal = E8009DD2196DFD8F00F66F65 /* Project object */;
			proxyType = 1;
			remoteGlobalIDString = E8009DD9196DFD8F00F66F65;
			remoteInfo = CookieCrushSaga;
		};
/* End PBXContainerItemProxy section */

/* Begin PBXFileReference section */
		E8009DDA196DFD8F00F66F65 /* CookieCrushSaga.app */ = {isa = PBXFileReference; explicitFileType = wrapper.application; includeInIndex = 0; path = CookieCrushSaga.app; sourceTree = BUILT_PRODUCTS_DIR; };
		E8009DDE196DFD8F00F66F65 /* Info.plist */ = {isa = PBXFileReference; lastKnownFileType = text.plist.xml; path = Info.plist; sourceTree = "<group>"; };
		E8009DDF196DFD8F00F66F65 /* AppDelegate.swift */ = {isa = PBXFileReference; lastKnownFileType = sourcecode.swift; path = AppDelegate.swift; sourceTree = "<group>"; };
		E8009DE1196DFD8F00F66F65 /* GameScene.sks */ = {isa = PBXFileReference; lastKnownFileType = file.sks; path = GameScene.sks; sourceTree = "<group>"; };
		E8009DE3196DFD8F00F66F65 /* GameScene.swift */ = {isa = PBXFileReference; lastKnownFileType = sourcecode.swift; path = GameScene.swift; sourceTree = "<group>"; };
		E8009DE5196DFD8F00F66F65 /* GameViewController.swift */ = {isa = PBXFileReference; lastKnownFileType = sourcecode.swift; path = GameViewController.swift; sourceTree = "<group>"; };
		E8009DE8196DFD8F00F66F65 /* Base */ = {isa = PBXFileReference; lastKnownFileType = file.storyboard; name = Base; path = Base.lproj/Main.storyboard; sourceTree = "<group>"; };
		E8009DEA196DFD8F00F66F65 /* Images.xcassets */ = {isa = PBXFileReference; lastKnownFileType = folder.assetcatalog; path = Images.xcassets; sourceTree = "<group>"; };
		E8009DF0196DFD8F00F66F65 /* CookieCrushSagaTests.xctest */ = {isa = PBXFileReference; explicitFileType = wrapper.cfbundle; includeInIndex = 0; path = CookieCrushSagaTests.xctest; sourceTree = BUILT_PRODUCTS_DIR; };
		E8009DF5196DFD8F00F66F65 /* Info.plist */ = {isa = PBXFileReference; lastKnownFileType = text.plist.xml; path = Info.plist; sourceTree = "<group>"; };
		E8009DF6196DFD8F00F66F65 /* CookieCrushSagaTests.swift */ = {isa = PBXFileReference; lastKnownFileType = sourcecode.swift; path = CookieCrushSagaTests.swift; sourceTree = "<group>"; };
		E8009E01196DFE5C00F66F65 /* Grid.atlas */ = {isa = PBXFileReference; lastKnownFileType = folder.skatlas; path = Grid.atlas; sourceTree = "<group>"; };
		E8009E03196DFE5C00F66F65 /* Background@2x.png */ = {isa = PBXFileReference; lastKnownFileType = image.png; path = "Background@2x.png"; sourceTree = "<group>"; };
		E8009E04196DFE5C00F66F65 /* Button@2x.png */ = {isa = PBXFileReference; lastKnownFileType = image.png; path = "Button@2x.png"; sourceTree = "<group>"; };
		E8009E05196DFE5C00F66F65 /* GameOver@2x.png */ = {isa = PBXFileReference; lastKnownFileType = image.png; path = "GameOver@2x.png"; sourceTree = "<group>"; };
		E8009E06196DFE5C00F66F65 /* LevelComplete@2x.png */ = {isa = PBXFileReference; lastKnownFileType = image.png; path = "LevelComplete@2x.png"; sourceTree = "<group>"; };
		E8009E08196DFE5C00F66F65 /* Level_0.json */ = {isa = PBXFileReference; fileEncoding = 4; lastKnownFileType = text.json; path = Level_0.json; sourceTree = "<group>"; };
		E8009E09196DFE5C00F66F65 /* Level_1.json */ = {isa = PBXFileReference; fileEncoding = 4; lastKnownFileType = text.json; path = Level_1.json; sourceTree = "<group>"; };
		E8009E0A196DFE5C00F66F65 /* Level_2.json */ = {isa = PBXFileReference; fileEncoding = 4; lastKnownFileType = text.json; path = Level_2.json; sourceTree = "<group>"; };
		E8009E0B196DFE5C00F66F65 /* Level_3.json */ = {isa = PBXFileReference; fileEncoding = 4; lastKnownFileType = text.json; path = Level_3.json; sourceTree = "<group>"; };
		E8009E0C196DFE5C00F66F65 /* Level_4.json */ = {isa = PBXFileReference; fileEncoding = 4; lastKnownFileType = text.json; path = Level_4.json; sourceTree = "<group>"; };
		E8009E0E196DFE5C00F66F65 /* Chomp.wav */ = {isa = PBXFileReference; lastKnownFileType = audio.wav; path = Chomp.wav; sourceTree = "<group>"; };
		E8009E0F196DFE5C00F66F65 /* Drip.wav */ = {isa = PBXFileReference; lastKnownFileType = audio.wav; path = Drip.wav; sourceTree = "<group>"; };
		E8009E10196DFE5C00F66F65 /* Error.wav */ = {isa = PBXFileReference; lastKnownFileType = audio.wav; path = Error.wav; sourceTree = "<group>"; };
		E8009E11196DFE5C00F66F65 /* Ka-Ching.wav */ = {isa = PBXFileReference; lastKnownFileType = audio.wav; path = "Ka-Ching.wav"; sourceTree = "<group>"; };
		E8009E12196DFE5C00F66F65 /* Mining by Moonlight.mp3 */ = {isa = PBXFileReference; lastKnownFileType = audio.mp3; path = "Mining by Moonlight.mp3"; sourceTree = "<group>"; };
		E8009E13196DFE5C00F66F65 /* Scrape.wav */ = {isa = PBXFileReference; lastKnownFileType = audio.wav; path = Scrape.wav; sourceTree = "<group>"; };
		E8009E14196DFE5C00F66F65 /* Sprites.atlas */ = {isa = PBXFileReference; lastKnownFileType = folder.skatlas; path = Sprites.atlas; sourceTree = "<group>"; };
		E8009E26196DFF2E00F66F65 /* Cookie.swift */ = {isa = PBXFileReference; fileEncoding = 4; lastKnownFileType = sourcecode.swift; path = Cookie.swift; sourceTree = "<group>"; };
		E8009E28196E01D300F66F65 /* Array2D.swift */ = {isa = PBXFileReference; fileEncoding = 4; lastKnownFileType = sourcecode.swift; path = Array2D.swift; sourceTree = "<group>"; };
		E8009E2A196E020400F66F65 /* Set.swift */ = {isa = PBXFileReference; fileEncoding = 4; lastKnownFileType = sourcecode.swift; path = Set.swift; sourceTree = "<group>"; };
		E8009E2C196E023E00F66F65 /* Level.swift */ = {isa = PBXFileReference; fileEncoding = 4; lastKnownFileType = sourcecode.swift; path = Level.swift; sourceTree = "<group>"; };
/* End PBXFileReference section */

/* Begin PBXFrameworksBuildPhase section */
		E8009DD7196DFD8F00F66F65 /* Frameworks */ = {
			isa = PBXFrameworksBuildPhase;
			buildActionMask = 2147483647;
			files = (
			);
			runOnlyForDeploymentPostprocessing = 0;
		};
		E8009DED196DFD8F00F66F65 /* Frameworks */ = {
			isa = PBXFrameworksBuildPhase;
			buildActionMask = 2147483647;
			files = (
			);
			runOnlyForDeploymentPostprocessing = 0;
		};
/* End PBXFrameworksBuildPhase section */

/* Begin PBXGroup section */
		E8009DD1196DFD8F00F66F65 = {
			isa = PBXGroup;
			children = (
				E8009DDC196DFD8F00F66F65 /* CookieCrushSaga */,
				E8009DF3196DFD8F00F66F65 /* CookieCrushSagaTests */,
				E8009DDB196DFD8F00F66F65 /* Products */,
			);
			sourceTree = "<group>";
		};
		E8009DDB196DFD8F00F66F65 /* Products */ = {
			isa = PBXGroup;
			children = (
				E8009DDA196DFD8F00F66F65 /* CookieCrushSaga.app */,
				E8009DF0196DFD8F00F66F65 /* CookieCrushSagaTests.xctest */,
			);
			name = Products;
			sourceTree = "<group>";
		};
		E8009DDC196DFD8F00F66F65 /* CookieCrushSaga */ = {
			isa = PBXGroup;
			children = (
				E8009DDF196DFD8F00F66F65 /* AppDelegate.swift */,
				E8009DE1196DFD8F00F66F65 /* GameScene.sks */,
				E8009E26196DFF2E00F66F65 /* Cookie.swift */,
				E8009E28196E01D300F66F65 /* Array2D.swift */,
				E8009E2A196E020400F66F65 /* Set.swift */,
				E8009E2C196E023E00F66F65 /* Level.swift */,
				E8009DE3196DFD8F00F66F65 /* GameScene.swift */,
				E8009DE5196DFD8F00F66F65 /* GameViewController.swift */,
				E8009DE7196DFD8F00F66F65 /* Main.storyboard */,
				E8009DEA196DFD8F00F66F65 /* Images.xcassets */,
				E8009DDD196DFD8F00F66F65 /* Supporting Files */,
			);
			path = CookieCrushSaga;
			sourceTree = "<group>";
		};
		E8009DDD196DFD8F00F66F65 /* Supporting Files */ = {
			isa = PBXGroup;
			children = (
				E8009E00196DFE5C00F66F65 /* Resources */,
				E8009DDE196DFD8F00F66F65 /* Info.plist */,
			);
			name = "Supporting Files";
			sourceTree = "<group>";
		};
		E8009DF3196DFD8F00F66F65 /* CookieCrushSagaTests */ = {
			isa = PBXGroup;
			children = (
				E8009DF6196DFD8F00F66F65 /* CookieCrushSagaTests.swift */,
				E8009DF4196DFD8F00F66F65 /* Supporting Files */,
			);
			path = CookieCrushSagaTests;
			sourceTree = "<group>";
		};
		E8009DF4196DFD8F00F66F65 /* Supporting Files */ = {
			isa = PBXGroup;
			children = (
				E8009DF5196DFD8F00F66F65 /* Info.plist */,
			);
			name = "Supporting Files";
			sourceTree = "<group>";
		};
		E8009E00196DFE5C00F66F65 /* Resources */ = {
			isa = PBXGroup;
			children = (
				E8009E01196DFE5C00F66F65 /* Grid.atlas */,
				E8009E02196DFE5C00F66F65 /* Images */,
				E8009E07196DFE5C00F66F65 /* Levels */,
				E8009E0D196DFE5C00F66F65 /* Sounds */,
				E8009E14196DFE5C00F66F65 /* Sprites.atlas */,
			);
			name = Resources;
			path = ../../../Downloads/Resources;
			sourceTree = "<group>";
		};
		E8009E02196DFE5C00F66F65 /* Images */ = {
			isa = PBXGroup;
			children = (
				E8009E03196DFE5C00F66F65 /* Background@2x.png */,
				E8009E04196DFE5C00F66F65 /* Button@2x.png */,
				E8009E05196DFE5C00F66F65 /* GameOver@2x.png */,
				E8009E06196DFE5C00F66F65 /* LevelComplete@2x.png */,
			);
			path = Images;
			sourceTree = "<group>";
		};
		E8009E07196DFE5C00F66F65 /* Levels */ = {
			isa = PBXGroup;
			children = (
				E8009E08196DFE5C00F66F65 /* Level_0.json */,
				E8009E09196DFE5C00F66F65 /* Level_1.json */,
				E8009E0A196DFE5C00F66F65 /* Level_2.json */,
				E8009E0B196DFE5C00F66F65 /* Level_3.json */,
				E8009E0C196DFE5C00F66F65 /* Level_4.json */,
			);
			path = Levels;
			sourceTree = "<group>";
		};
		E8009E0D196DFE5C00F66F65 /* Sounds */ = {
			isa = PBXGroup;
			children = (
				E8009E0E196DFE5C00F66F65 /* Chomp.wav */,
				E8009E0F196DFE5C00F66F65 /* Drip.wav */,
				E8009E10196DFE5C00F66F65 /* Error.wav */,
				E8009E11196DFE5C00F66F65 /* Ka-Ching.wav */,
				E8009E12196DFE5C00F66F65 /* Mining by Moonlight.mp3 */,
				E8009E13196DFE5C00F66F65 /* Scrape.wav */,
			);
			path = Sounds;
			sourceTree = "<group>";
		};
/* End PBXGroup section */

/* Begin PBXNativeTarget section */
		E8009DD9196DFD8F00F66F65 /* CookieCrushSaga */ = {
			isa = PBXNativeTarget;
			buildConfigurationList = E8009DFA196DFD8F00F66F65 /* Build configuration list for PBXNativeTarget "CookieCrushSaga" */;
			buildPhases = (
				E8009DD6196DFD8F00F66F65 /* Sources */,
				E8009DD7196DFD8F00F66F65 /* Frameworks */,
				E8009DD8196DFD8F00F66F65 /* Resources */,
			);
			buildRules = (
			);
			dependencies = (
			);
			name = CookieCrushSaga;
			productName = CookieCrushSaga;
			productReference = E8009DDA196DFD8F00F66F65 /* CookieCrushSaga.app */;
			productType = "com.apple.product-type.application";
		};
		E8009DEF196DFD8F00F66F65 /* CookieCrushSagaTests */ = {
			isa = PBXNativeTarget;
			buildConfigurationList = E8009DFD196DFD8F00F66F65 /* Build configuration list for PBXNativeTarget "CookieCrushSagaTests" */;
			buildPhases = (
				E8009DEC196DFD8F00F66F65 /* Sources */,
				E8009DED196DFD8F00F66F65 /* Frameworks */,
				E8009DEE196DFD8F00F66F65 /* Resources */,
			);
			buildRules = (
			);
			dependencies = (
				E8009DF2196DFD8F00F66F65 /* PBXTargetDependency */,
			);
			name = CookieCrushSagaTests;
			productName = CookieCrushSagaTests;
			productReference = E8009DF0196DFD8F00F66F65 /* CookieCrushSagaTests.xctest */;
			productType = "com.apple.product-type.bundle.unit-test";
		};
/* End PBXNativeTarget section */

/* Begin PBXProject section */
		E8009DD2196DFD8F00F66F65 /* Project object */ = {
			isa = PBXProject;
			attributes = {
				LastUpgradeCheck = 0600;
				ORGANIZATIONNAME = "Cyrus Tau";
				TargetAttributes = {
					E8009DD9196DFD8F00F66F65 = {
						CreatedOnToolsVersion = 6.0;
					};
					E8009DEF196DFD8F00F66F65 = {
						CreatedOnToolsVersion = 6.0;
						TestTargetID = E8009DD9196DFD8F00F66F65;
					};
				};
			};
			buildConfigurationList = E8009DD5196DFD8F00F66F65 /* Build configuration list for PBXProject "CookieCrushSaga" */;
			compatibilityVersion = "Xcode 3.2";
			developmentRegion = English;
			hasScannedForEncodings = 0;
			knownRegions = (
				en,
				Base,
			);
			mainGroup = E8009DD1196DFD8F00F66F65;
			productRefGroup = E8009DDB196DFD8F00F66F65 /* Products */;
			projectDirPath = "";
			projectRoot = "";
			targets = (
				E8009DD9196DFD8F00F66F65 /* CookieCrushSaga */,
				E8009DEF196DFD8F00F66F65 /* CookieCrushSagaTests */,
			);
		};
/* End PBXProject section */

/* Begin PBXResourcesBuildPhase section */
		E8009DD8196DFD8F00F66F65 /* Resources */ = {
			isa = PBXResourcesBuildPhase;
			buildActionMask = 2147483647;
			files = (
				E8009E17196DFE5C00F66F65 /* Button@2x.png in Resources */,
				E8009E24196DFE5C00F66F65 /* Scrape.wav in Resources */,
				E8009E23196DFE5C00F66F65 /* Mining by Moonlight.mp3 in Resources */,
				E8009E20196DFE5C00F66F65 /* Drip.wav in Resources */,
				E8009E1A196DFE5C00F66F65 /* Level_0.json in Resources */,
				E8009DEB196DFD8F00F66F65 /* Images.xcassets in Resources */,
				E8009E19196DFE5C00F66F65 /* LevelComplete@2x.png in Resources */,
				E8009DE2196DFD8F00F66F65 /* GameScene.sks in Resources */,
				E8009DE9196DFD8F00F66F65 /* Main.storyboard in Resources */,
				E8009E1F196DFE5C00F66F65 /* Chomp.wav in Resources */,
				E8009E1B196DFE5C00F66F65 /* Level_1.json in Resources */,
				E8009E1E196DFE5C00F66F65 /* Level_4.json in Resources */,
				E8009E16196DFE5C00F66F65 /* Background@2x.png in Resources */,
				E8009E15196DFE5C00F66F65 /* Grid.atlas in Resources */,
				E8009E25196DFE5C00F66F65 /* Sprites.atlas in Resources */,
				E8009E18196DFE5C00F66F65 /* GameOver@2x.png in Resources */,
				E8009E1D196DFE5C00F66F65 /* Level_3.json in Resources */,
				E8009E1C196DFE5C00F66F65 /* Level_2.json in Resources */,
				E8009E21196DFE5C00F66F65 /* Error.wav in Resources */,
				E8009E22196DFE5C00F66F65 /* Ka-Ching.wav in Resources */,
			);
			runOnlyForDeploymentPostprocessing = 0;
		};
		E8009DEE196DFD8F00F66F65 /* Resources */ = {
			isa = PBXResourcesBuildPhase;
			buildActionMask = 2147483647;
			files = (
			);
			runOnlyForDeploymentPostprocessing = 0;
		};
/* End PBXResourcesBuildPhase section */

/* Begin PBXSourcesBuildPhase section */
		E8009DD6196DFD8F00F66F65 /* Sources */ = {
			isa = PBXSourcesBuildPhase;
			buildActionMask = 2147483647;
			files = (
				E8009DE4196DFD8F00F66F65 /* GameScene.swift in Sources */,
				E8009E2D196E023E00F66F65 /* Level.swift in Sources */,
				E8009E27196DFF2E00F66F65 /* Cookie.swift in Sources */,
				E8009E2B196E020400F66F65 /* Set.swift in Sources */,
				E8009DE6196DFD8F00F66F65 /* GameViewController.swift in Sources */,
				E8009DE0196DFD8F00F66F65 /* AppDelegate.swift in Sources */,
				E8009E29196E01D300F66F65 /* Array2D.swift in Sources */,
			);
			runOnlyForDeploymentPostprocessing = 0;
		};
		E8009DEC196DFD8F00F66F65 /* Sources */ = {
			isa = PBXSourcesBuildPhase;
			buildActionMask = 2147483647;
			files = (
				E8009DF7196DFD8F00F66F65 /* CookieCrushSagaTests.swift in Sources */,
			);
			runOnlyForDeploymentPostprocessing = 0;
		};
/* End PBXSourcesBuildPhase section */

/* Begin PBXTargetDependency section */
		E8009DF2196DFD8F00F66F65 /* PBXTargetDependency */ = {
			isa = PBXTargetDependency;
			target = E8009DD9196DFD8F00F66F65 /* CookieCrushSaga */;
			targetProxy = E8009DF1196DFD8F00F66F65 /* PBXContainerItemProxy */;
		};
/* End PBXTargetDependency section */

/* Begin PBXVariantGroup section */
		E8009DE7196DFD8F00F66F65 /* Main.storyboard */ = {
			isa = PBXVariantGroup;
			children = (
				E8009DE8196DFD8F00F66F65 /* Base */,
			);
			name = Main.storyboard;
			sourceTree = "<group>";
		};
/* End PBXVariantGroup section */

/* Begin XCBuildConfiguration section */
		E8009DF8196DFD8F00F66F65 /* Debug */ = {
			isa = XCBuildConfiguration;
			buildSettings = {
				ALWAYS_SEARCH_USER_PATHS = NO;
				CLANG_CXX_LANGUAGE_STANDARD = "gnu++0x";
				CLANG_CXX_LIBRARY = "libc++";
				CLANG_ENABLE_MODULES = YES;
				CLANG_ENABLE_OBJC_ARC = YES;
				CLANG_WARN_BOOL_CONVERSION = YES;
				CLANG_WARN_CONSTANT_CONVERSION = YES;
				CLANG_WARN_DIRECT_OBJC_ISA_USAGE = YES_ERROR;
				CLANG_WARN_EMPTY_BODY = YES;
				CLANG_WARN_ENUM_CONVERSION = YES;
				CLANG_WARN_INT_CONVERSION = YES;
				CLANG_WARN_OBJC_ROOT_CLASS = YES_ERROR;
				CLANG_WARN_UNREACHABLE_CODE = YES;
				CLANG_WARN__DUPLICATE_METHOD_MATCH = YES;
				"CODE_SIGN_IDENTITY[sdk=iphoneos*]" = "iPhone Developer";
				COPY_PHASE_STRIP = NO;
				ENABLE_STRICT_OBJC_MSGSEND = YES;
				GCC_C_LANGUAGE_STANDARD = gnu99;
				GCC_DYNAMIC_NO_PIC = NO;
				GCC_OPTIMIZATION_LEVEL = 0;
				GCC_PREPROCESSOR_DEFINITIONS = (
					"DEBUG=1",
					"$(inherited)",
				);
				GCC_SYMBOLS_PRIVATE_EXTERN = NO;
				GCC_WARN_64_TO_32_BIT_CONVERSION = YES;
				GCC_WARN_ABOUT_RETURN_TYPE = YES_ERROR;
				GCC_WARN_UNDECLARED_SELECTOR = YES;
				GCC_WARN_UNINITIALIZED_AUTOS = YES_AGGRESSIVE;
				GCC_WARN_UNUSED_FUNCTION = YES;
				GCC_WARN_UNUSED_VARIABLE = YES;
				IPHONEOS_DEPLOYMENT_TARGET = 8.0;
				MTL_ENABLE_DEBUG_INFO = YES;
				ONLY_ACTIVE_ARCH = YES;
				SDKROOT = iphoneos;
				SWIFT_OPTIMIZATION_LEVEL = "-Onone";
				TARGETED_DEVICE_FAMILY = "1,2";
			};
			name = Debug;
		};
		E8009DF9196DFD8F00F66F65 /* Release */ = {
			isa = XCBuildConfiguration;
			buildSettings = {
				ALWAYS_SEARCH_USER_PATHS = NO;
				CLANG_CXX_LANGUAGE_STANDARD = "gnu++0x";
				CLANG_CXX_LIBRARY = "libc++";
				CLANG_ENABLE_MODULES = YES;
				CLANG_ENABLE_OBJC_ARC = YES;
				CLANG_WARN_BOOL_CONVERSION = YES;
				CLANG_WARN_CONSTANT_CONVERSION = YES;
				CLANG_WARN_DIRECT_OBJC_ISA_USAGE = YES_ERROR;
				CLANG_WARN_EMPTY_BODY = YES;
				CLANG_WARN_ENUM_CONVERSION = YES;
				CLANG_WARN_INT_CONVERSION = YES;
				CLANG_WARN_OBJC_ROOT_CLASS = YES_ERROR;
				CLANG_WARN_UNREACHABLE_CODE = YES;
				CLANG_WARN__DUPLICATE_METHOD_MATCH = YES;
				"CODE_SIGN_IDENTITY[sdk=iphoneos*]" = "iPhone Developer";
				COPY_PHASE_STRIP = YES;
				ENABLE_NS_ASSERTIONS = NO;
				ENABLE_STRICT_OBJC_MSGSEND = YES;
				GCC_C_LANGUAGE_STANDARD = gnu99;
				GCC_WARN_64_TO_32_BIT_CONVERSION = YES;
				GCC_WARN_ABOUT_RETURN_TYPE = YES_ERROR;
				GCC_WARN_UNDECLARED_SELECTOR = YES;
				GCC_WARN_UNINITIALIZED_AUTOS = YES_AGGRESSIVE;
				GCC_WARN_UNUSED_FUNCTION = YES;
				GCC_WARN_UNUSED_VARIABLE = YES;
				IPHONEOS_DEPLOYMENT_TARGET = 8.0;
				MTL_ENABLE_DEBUG_INFO = NO;
				SDKROOT = iphoneos;
				TARGETED_DEVICE_FAMILY = "1,2";
				VALIDATE_PRODUCT = YES;
			};
			name = Release;
		};
		E8009DFB196DFD8F00F66F65 /* Debug */ = {
			isa = XCBuildConfiguration;
			buildSettings = {
				ASSETCATALOG_COMPILER_APPICON_NAME = AppIcon;
				ASSETCATALOG_COMPILER_LAUNCHIMAGE_NAME = LaunchImage;
				INFOPLIST_FILE = CookieCrushSaga/Info.plist;
				LD_RUNPATH_SEARCH_PATHS = "$(inherited) @executable_path/Frameworks";
				PRODUCT_NAME = "$(TARGET_NAME)";
			};
			name = Debug;
		};
		E8009DFC196DFD8F00F66F65 /* Release */ = {
			isa = XCBuildConfiguration;
			buildSettings = {
				ASSETCATALOG_COMPILER_APPICON_NAME = AppIcon;
				ASSETCATALOG_COMPILER_LAUNCHIMAGE_NAME = LaunchImage;
				INFOPLIST_FILE = CookieCrushSaga/Info.plist;
				LD_RUNPATH_SEARCH_PATHS = "$(inherited) @executable_path/Frameworks";
				PRODUCT_NAME = "$(TARGET_NAME)";
			};
			name = Release;
		};
		E8009DFE196DFD8F00F66F65 /* Debug */ = {
			isa = XCBuildConfiguration;
			buildSettings = {
				BUNDLE_LOADER = "$(BUILT_PRODUCTS_DIR)/CookieCrushSaga.app/CookieCrushSaga";
				FRAMEWORK_SEARCH_PATHS = (
					"$(SDKROOT)/Developer/Library/Frameworks",
					"$(inherited)",
				);
				GCC_PREPROCESSOR_DEFINITIONS = (
					"DEBUG=1",
					"$(inherited)",
				);
				INFOPLIST_FILE = CookieCrushSagaTests/Info.plist;
				LD_RUNPATH_SEARCH_PATHS = "$(inherited) @executable_path/Frameworks @loader_path/Frameworks";
				PRODUCT_NAME = "$(TARGET_NAME)";
				TEST_HOST = "$(BUNDLE_LOADER)";
			};
			name = Debug;
		};
		E8009DFF196DFD8F00F66F65 /* Release */ = {
			isa = XCBuildConfiguration;
			buildSettings = {
				BUNDLE_LOADER = "$(BUILT_PRODUCTS_DIR)/CookieCrushSaga.app/CookieCrushSaga";
				FRAMEWORK_SEARCH_PATHS = (
					"$(SDKROOT)/Developer/Library/Frameworks",
					"$(inherited)",
				);
				INFOPLIST_FILE = CookieCrushSagaTests/Info.plist;
				LD_RUNPATH_SEARCH_PATHS = "$(inherited) @executable_path/Frameworks @loader_path/Frameworks";
				PRODUCT_NAME = "$(TARGET_NAME)";
				TEST_HOST = "$(BUNDLE_LOADER)";
			};
			name = Release;
		};
/* End XCBuildConfiguration section */

/* Begin XCConfigurationList section */
		E8009DD5196DFD8F00F66F65 /* Build configuration list for PBXProject "CookieCrushSaga" */ = {
			isa = XCConfigurationList;
			buildConfigurations = (
				E8009DF8196DFD8F00F66F65 /* Debug */,
				E8009DF9196DFD8F00F66F65 /* Release */,
			);
			defaultConfigurationIsVisible = 0;
			defaultConfigurationName = Release;
		};
		E8009DFA196DFD8F00F66F65 /* Build configuration list for PBXNativeTarget "CookieCrushSaga" */ = {
			isa = XCConfigurationList;
			buildConfigurations = (
				E8009DFB196DFD8F00F66F65 /* Debug */,
				E8009DFC196DFD8F00F66F65 /* Release */,
			);
			defaultConfigurationIsVisible = 0;
		};
		E8009DFD196DFD8F00F66F65 /* Build configuration list for PBXNativeTarget "CookieCrushSagaTests" */ = {
			isa = XCConfigurationList;
			buildConfigurations = (
				E8009DFE196DFD8F00F66F65 /* Debug */,
				E8009DFF196DFD8F00F66F65 /* Release */,
			);
			defaultConfigurationIsVisible = 0;
		};
/* End XCConfigurationList section */
	};
	rootObject = E8009DD2196DFD8F00F66F65 /* Project object */;
}
